
Microsoft Visual Studio Solution File, Format Version 12.00
# Visual Studio Version 17
VisualStudioVersion = 17.4.33213.308
MinimumVisualStudioVersion = 10.0.40219.1
Project("{FAE04EC0-301F-11D3-BF4B-00C04F79EFBC}") = "FNBApp", "FNBApp\FNBApp.csproj", "{C5FF1D2F-0941-4477-911E-3525DB0F8F62}"
EndProject
Project("{FAE04EC0-301F-11D3-BF4B-00C04F79EFBC}") = "BankingConsole", "BankingConsole\BankingConsole.csproj", "{8A9E05D0-2C8F-4403-9DE2-48C0F9BF3CD5}"
EndProject
Project("{FAE04EC0-301F-11D3-BF4B-00C04F79EFBC}") = "fnbLibrary", "fnbLibrary\fnbLibrary.csproj", "{7A15BD7B-2352-4015-8576-D37CE6E05075}"
EndProject
Global
	GlobalSection(SolutionConfigurationPlatforms) = preSolution
		Debug|Any CPU = Debug|Any CPU
		Release|Any CPU = Release|Any CPU
	EndGlobalSection
	GlobalSection(ProjectConfigurationPlatforms) = postSolution
		{C5FF1D2F-0941-4477-911E-3525DB0F8F62}.Debug|Any CPU.ActiveCfg = Debug|Any CPU
		{C5FF1D2F-0941-4477-911E-3525DB0F8F62}.Debug|Any CPU.Build.0 = Debug|Any CPU
		{C5FF1D2F-0941-4477-911E-3525DB0F8F62}.Release|Any CPU.ActiveCfg = Release|Any CPU
		{C5FF1D2F-0941-4477-911E-3525DB0F8F62}.Release|Any CPU.Build.0 = Release|Any CPU
		{8A9E05D0-2C8F-4403-9DE2-48C0F9BF3CD5}.Debug|Any CPU.ActiveCfg = Debug|Any CPU
		{8A9E05D0-2C8F-4403-9DE2-48C0F9BF3CD5}.Debug|Any CPU.Build.0 = Debug|Any CPU
		{8A9E05D0-2C8F-4403-9DE2-48C0F9BF3CD5}.Release|Any CPU.ActiveCfg = Release|Any CPU
		{8A9E05D0-2C8F-4403-9DE2-48C0F9BF3CD5}.Release|Any CPU.Build.0 = Release|Any CPU
		{7A15BD7B-2352-4015-8576-D37CE6E05075}.Debug|Any CPU.ActiveCfg = Debug|Any CPU
		{7A15BD7B-2352-4015-8576-D37CE6E05075}.Debug|Any CPU.Build.0 = Debug|Any CPU
		{7A15BD7B-2352-4015-8576-D37CE6E05075}.Release|Any CPU.ActiveCfg = Release|Any CPU
		{7A15BD7B-2352-4015-8576-D37CE6E05075}.Release|Any CPU.Build.0 = Release|Any CPU
	EndGlobalSection
	GlobalSection(SolutionProperties) = preSolution
		HideSolutionNode = FALSE
	EndGlobalSection
	GlobalSection(ExtensibilityGlobals) = postSolution
		SolutionGuid = {CBA2CDD5-1E10-4647-84B8-B4064D6179BA}
	EndGlobalSection
EndGlobal
